
Microsoft Visual Studio Solution File, Format Version 12.00
# Visual Studio Version 17
VisualStudioVersion = 17.7.34221.43
MinimumVisualStudioVersion = 10.0.40219.1
Project("{FAE04EC0-301F-11D3-BF4B-00C04F79EFBC}") = "Nuoliteht", "Nuoliteht.csproj", "{E942DA5E-9331-4692-AE5E-A7352EEB7B94}"
EndProject
Global
	GlobalSection(SolutionConfigurationPlatforms) = preSolution
		Debug|Any CPU = Debug|Any CPU
		Release|Any CPU = Release|Any CPU
	EndGlobalSection
	GlobalSection(ProjectConfigurationPlatforms) = postSolution
		{E942DA5E-9331-4692-AE5E-A7352EEB7B94}.Debug|Any CPU.ActiveCfg = Debug|Any CPU
		{E942DA5E-9331-4692-AE5E-A7352EEB7B94}.Debug|Any CPU.Build.0 = Debug|Any CPU
		{E942DA5E-9331-4692-AE5E-A7352EEB7B94}.Release|Any CPU.ActiveCfg = Release|Any CPU
		{E942DA5E-9331-4692-AE5E-A7352EEB7B94}.Release|Any CPU.Build.0 = Release|Any CPU
	EndGlobalSection
	GlobalSection(SolutionProperties) = preSolution
		HideSolutionNode = FALSE
	EndGlobalSection
	GlobalSection(ExtensibilityGlobals) = postSolution
		SolutionGuid = {F3A7DC5D-CEF2-4408-90CA-D951E73153AF}
	EndGlobalSection
EndGlobal
