
Microsoft Visual Studio Solution File, Format Version 12.00
# Visual Studio Version 17
VisualStudioVersion = 17.7.34221.43
MinimumVisualStudioVersion = 10.0.40219.1
Project("{FAE04EC0-301F-11D3-BF4B-00C04F79EFBC}") = "C# perusteet", "C# perusteet.csproj", "{094E58A4-0D03-4B11-8FF3-905577DB87DF}"
EndProject
Global
	GlobalSection(SolutionConfigurationPlatforms) = preSolution
		Debug|Any CPU = Debug|Any CPU
		Release|Any CPU = Release|Any CPU
	EndGlobalSection
	GlobalSection(ProjectConfigurationPlatforms) = postSolution
		{094E58A4-0D03-4B11-8FF3-905577DB87DF}.Debug|Any CPU.ActiveCfg = Debug|Any CPU
		{094E58A4-0D03-4B11-8FF3-905577DB87DF}.Debug|Any CPU.Build.0 = Debug|Any CPU
		{094E58A4-0D03-4B11-8FF3-905577DB87DF}.Release|Any CPU.ActiveCfg = Release|Any CPU
		{094E58A4-0D03-4B11-8FF3-905577DB87DF}.Release|Any CPU.Build.0 = Release|Any CPU
	EndGlobalSection
	GlobalSection(SolutionProperties) = preSolution
		HideSolutionNode = FALSE
	EndGlobalSection
	GlobalSection(ExtensibilityGlobals) = postSolution
		SolutionGuid = {46DAD186-87E0-409E-B075-1633AAB30C90}
	EndGlobalSection
EndGlobal
